
Microsoft Visual Studio Solution File, Format Version 12.00
# Visual Studio Version 16
VisualStudioVersion = 16.0.31702.278
MinimumVisualStudioVersion = 10.0.40219.1
Project("{FAE04EC0-301F-11D3-BF4B-00C04F79EFBC}") = "Sipariş Otomasyonu", "Satış Otomasyonu\Sipariş Otomasyonu.csproj", "{0348922F-28A7-409D-BAC8-689C80DBD6A0}"
EndProject
Global
	GlobalSection(SolutionConfigurationPlatforms) = preSolution
		Debug|Any CPU = Debug|Any CPU
		Release|Any CPU = Release|Any CPU
	EndGlobalSection
	GlobalSection(ProjectConfigurationPlatforms) = postSolution
		{0348922F-28A7-409D-BAC8-689C80DBD6A0}.Debug|Any CPU.ActiveCfg = Debug|Any CPU
		{0348922F-28A7-409D-BAC8-689C80DBD6A0}.Debug|Any CPU.Build.0 = Debug|Any CPU
		{0348922F-28A7-409D-BAC8-689C80DBD6A0}.Release|Any CPU.ActiveCfg = Release|Any CPU
		{0348922F-28A7-409D-BAC8-689C80DBD6A0}.Release|Any CPU.Build.0 = Release|Any CPU
	EndGlobalSection
	GlobalSection(SolutionProperties) = preSolution
		HideSolutionNode = FALSE
	EndGlobalSection
	GlobalSection(ExtensibilityGlobals) = postSolution
		SolutionGuid = {6596FB93-3015-4829-8905-A231A7DE650D}
	EndGlobalSection
EndGlobal
